
Microsoft Visual Studio Solution File, Format Version 12.00
# Visual Studio Version 16
VisualStudioVersion = 16.0.31424.327
MinimumVisualStudioVersion = 10.0.40219.1
Project("{FAE04EC0-301F-11D3-BF4B-00C04F79EFBC}") = "Symphony_V2", "Symphony_V2\Symphony_V2.csproj", "{CAB26FA0-EDAB-4EF5-A6A9-9DEB73B80C4B}"
EndProject
Project("{FAE04EC0-301F-11D3-BF4B-00C04F79EFBC}") = "Symphony_V2.Services", "Symphony_V2.Services\Symphony_V2.Services.csproj", "{B5B5AD76-18E7-4CE0-82E5-82C287B0B1C1}"
EndProject
Project("{FAE04EC0-301F-11D3-BF4B-00C04F79EFBC}") = "Symphony_V2.Infrastructure", "Symphony_V2.Infrastructure\Symphony_V2.Infrastructure.csproj", "{5F6879C7-E720-425A-8EF1-525514CE5FD5}"
EndProject
Global
	GlobalSection(SolutionConfigurationPlatforms) = preSolution
		Debug|Any CPU = Debug|Any CPU
		Release|Any CPU = Release|Any CPU
	EndGlobalSection
	GlobalSection(ProjectConfigurationPlatforms) = postSolution
		{CAB26FA0-EDAB-4EF5-A6A9-9DEB73B80C4B}.Debug|Any CPU.ActiveCfg = Debug|Any CPU
		{CAB26FA0-EDAB-4EF5-A6A9-9DEB73B80C4B}.Debug|Any CPU.Build.0 = Debug|Any CPU
		{CAB26FA0-EDAB-4EF5-A6A9-9DEB73B80C4B}.Release|Any CPU.ActiveCfg = Release|Any CPU
		{CAB26FA0-EDAB-4EF5-A6A9-9DEB73B80C4B}.Release|Any CPU.Build.0 = Release|Any CPU
		{B5B5AD76-18E7-4CE0-82E5-82C287B0B1C1}.Debug|Any CPU.ActiveCfg = Debug|Any CPU
		{B5B5AD76-18E7-4CE0-82E5-82C287B0B1C1}.Debug|Any CPU.Build.0 = Debug|Any CPU
		{B5B5AD76-18E7-4CE0-82E5-82C287B0B1C1}.Release|Any CPU.ActiveCfg = Release|Any CPU
		{B5B5AD76-18E7-4CE0-82E5-82C287B0B1C1}.Release|Any CPU.Build.0 = Release|Any CPU
		{5F6879C7-E720-425A-8EF1-525514CE5FD5}.Debug|Any CPU.ActiveCfg = Debug|Any CPU
		{5F6879C7-E720-425A-8EF1-525514CE5FD5}.Debug|Any CPU.Build.0 = Debug|Any CPU
		{5F6879C7-E720-425A-8EF1-525514CE5FD5}.Release|Any CPU.ActiveCfg = Release|Any CPU
		{5F6879C7-E720-425A-8EF1-525514CE5FD5}.Release|Any CPU.Build.0 = Release|Any CPU
	EndGlobalSection
	GlobalSection(SolutionProperties) = preSolution
		HideSolutionNode = FALSE
	EndGlobalSection
	GlobalSection(ExtensibilityGlobals) = postSolution
		SolutionGuid = {F50A41DD-87C0-474E-BE68-45714346A585}
	EndGlobalSection
EndGlobal
